
Microsoft Visual Studio Solution File, Format Version 12.00
# Visual Studio Version 16
VisualStudioVersion = 16.0.30523.141
MinimumVisualStudioVersion = 10.0.40219.1
Project("{9A19103F-16F7-4668-BE54-9A1E7A4F7556}") = "MF.Fundamentals.ConsoleClient", "MF.Fundamentals.ConsoleClient\MF.Fundamentals.ConsoleClient.csproj", "{6E7779A6-50D6-42B2-BE46-5DE65F7E0FE1}"
EndProject
Project("{9A19103F-16F7-4668-BE54-9A1E7A4F7556}") = "MF.Rb.Domain", "MF.Rb.Domain\MF.Rb.Domain.csproj", "{5543ABAF-00C1-40D5-8955-D82708856C98}"
EndProject
Project("{9A19103F-16F7-4668-BE54-9A1E7A4F7556}") = "MF.Rb.FakeRepository", "MF.Rb.FakeRepository\MF.Rb.FakeRepository.csproj", "{1E08CFBB-CA0C-4EEC-9CD7-39AB3D6A1812}"
EndProject
Project("{FAE04EC0-301F-11D3-BF4B-00C04F79EFBC}") = "MF.Rb.Api", "MF.Rb.Api\MF.Rb.Api.csproj", "{0F161C49-A887-4BEF-83FF-7E690C140442}"
EndProject
Global
	GlobalSection(SolutionConfigurationPlatforms) = preSolution
		Debug|Any CPU = Debug|Any CPU
		Release|Any CPU = Release|Any CPU
	EndGlobalSection
	GlobalSection(ProjectConfigurationPlatforms) = postSolution
		{6E7779A6-50D6-42B2-BE46-5DE65F7E0FE1}.Debug|Any CPU.ActiveCfg = Debug|Any CPU
		{6E7779A6-50D6-42B2-BE46-5DE65F7E0FE1}.Debug|Any CPU.Build.0 = Debug|Any CPU
		{6E7779A6-50D6-42B2-BE46-5DE65F7E0FE1}.Release|Any CPU.ActiveCfg = Release|Any CPU
		{6E7779A6-50D6-42B2-BE46-5DE65F7E0FE1}.Release|Any CPU.Build.0 = Release|Any CPU
		{5543ABAF-00C1-40D5-8955-D82708856C98}.Debug|Any CPU.ActiveCfg = Debug|Any CPU
		{5543ABAF-00C1-40D5-8955-D82708856C98}.Debug|Any CPU.Build.0 = Debug|Any CPU
		{5543ABAF-00C1-40D5-8955-D82708856C98}.Release|Any CPU.ActiveCfg = Release|Any CPU
		{5543ABAF-00C1-40D5-8955-D82708856C98}.Release|Any CPU.Build.0 = Release|Any CPU
		{1E08CFBB-CA0C-4EEC-9CD7-39AB3D6A1812}.Debug|Any CPU.ActiveCfg = Debug|Any CPU
		{1E08CFBB-CA0C-4EEC-9CD7-39AB3D6A1812}.Debug|Any CPU.Build.0 = Debug|Any CPU
		{1E08CFBB-CA0C-4EEC-9CD7-39AB3D6A1812}.Release|Any CPU.ActiveCfg = Release|Any CPU
		{1E08CFBB-CA0C-4EEC-9CD7-39AB3D6A1812}.Release|Any CPU.Build.0 = Release|Any CPU
		{0F161C49-A887-4BEF-83FF-7E690C140442}.Debug|Any CPU.ActiveCfg = Debug|Any CPU
		{0F161C49-A887-4BEF-83FF-7E690C140442}.Debug|Any CPU.Build.0 = Debug|Any CPU
		{0F161C49-A887-4BEF-83FF-7E690C140442}.Release|Any CPU.ActiveCfg = Release|Any CPU
		{0F161C49-A887-4BEF-83FF-7E690C140442}.Release|Any CPU.Build.0 = Release|Any CPU
	EndGlobalSection
	GlobalSection(SolutionProperties) = preSolution
		HideSolutionNode = FALSE
	EndGlobalSection
	GlobalSection(ExtensibilityGlobals) = postSolution
		SolutionGuid = {86F12256-E019-4F5C-93A6-0A48EFE87458}
	EndGlobalSection
EndGlobal
